
Microsoft Visual Studio Solution File, Format Version 12.00
# Visual Studio Version 16
VisualStudioVersion = 16.0.31205.134
MinimumVisualStudioVersion = 10.0.40219.1
Project("{FAE04EC0-301F-11D3-BF4B-00C04F79EFBC}") = "Szyfry1", "Szyfry1\Szyfry1.csproj", "{8117A5C5-5753-4A5E-AE72-702CB102D509}"
EndProject
Global
	GlobalSection(SolutionConfigurationPlatforms) = preSolution
		Debug|Any CPU = Debug|Any CPU
		Release|Any CPU = Release|Any CPU
	EndGlobalSection
	GlobalSection(ProjectConfigurationPlatforms) = postSolution
		{8117A5C5-5753-4A5E-AE72-702CB102D509}.Debug|Any CPU.ActiveCfg = Debug|Any CPU
		{8117A5C5-5753-4A5E-AE72-702CB102D509}.Debug|Any CPU.Build.0 = Debug|Any CPU
		{8117A5C5-5753-4A5E-AE72-702CB102D509}.Release|Any CPU.ActiveCfg = Release|Any CPU
		{8117A5C5-5753-4A5E-AE72-702CB102D509}.Release|Any CPU.Build.0 = Release|Any CPU
	EndGlobalSection
	GlobalSection(SolutionProperties) = preSolution
		HideSolutionNode = FALSE
	EndGlobalSection
	GlobalSection(ExtensibilityGlobals) = postSolution
		SolutionGuid = {51CD0817-394B-4AAB-AC75-2C97886B0961}
	EndGlobalSection
EndGlobal
